
Microsoft Visual Studio Solution File, Format Version 12.00
# Visual Studio Version 16
VisualStudioVersion = 16.0.35325.158
MinimumVisualStudioVersion = 10.0.40219.1
Project("{FAE04EC0-301F-11D3-BF4B-00C04F79EFBC}") = "Arithmatic", "Arithmatic.csproj", "{C2C9EF64-C9C7-4210-843B-5A5C1E9B31CF}"
EndProject
Global
	GlobalSection(SolutionConfigurationPlatforms) = preSolution
		Debug|Any CPU = Debug|Any CPU
		Release|Any CPU = Release|Any CPU
	EndGlobalSection
	GlobalSection(ProjectConfigurationPlatforms) = postSolution
		{C2C9EF64-C9C7-4210-843B-5A5C1E9B31CF}.Debug|Any CPU.ActiveCfg = Debug|Any CPU
		{C2C9EF64-C9C7-4210-843B-5A5C1E9B31CF}.Debug|Any CPU.Build.0 = Debug|Any CPU
		{C2C9EF64-C9C7-4210-843B-5A5C1E9B31CF}.Release|Any CPU.ActiveCfg = Release|Any CPU
		{C2C9EF64-C9C7-4210-843B-5A5C1E9B31CF}.Release|Any CPU.Build.0 = Release|Any CPU
	EndGlobalSection
	GlobalSection(SolutionProperties) = preSolution
		HideSolutionNode = FALSE
	EndGlobalSection
	GlobalSection(ExtensibilityGlobals) = postSolution
		SolutionGuid = {28065230-D0D9-43AB-BDD6-369B651C8440}
	EndGlobalSection
EndGlobal
