
Microsoft Visual Studio Solution File, Format Version 12.00
# Visual Studio Version 16
VisualStudioVersion = 16.0.35325.158
MinimumVisualStudioVersion = 10.0.40219.1
Project("{FAE04EC0-301F-11D3-BF4B-00C04F79EFBC}") = "Assignment-3", "Assignment-3.csproj", "{C3B6BF42-B82E-47EF-9CF3-6DF85B69BC90}"
EndProject
Global
	GlobalSection(SolutionConfigurationPlatforms) = preSolution
		Debug|Any CPU = Debug|Any CPU
		Release|Any CPU = Release|Any CPU
	EndGlobalSection
	GlobalSection(ProjectConfigurationPlatforms) = postSolution
		{C3B6BF42-B82E-47EF-9CF3-6DF85B69BC90}.Debug|Any CPU.ActiveCfg = Debug|Any CPU
		{C3B6BF42-B82E-47EF-9CF3-6DF85B69BC90}.Debug|Any CPU.Build.0 = Debug|Any CPU
		{C3B6BF42-B82E-47EF-9CF3-6DF85B69BC90}.Release|Any CPU.ActiveCfg = Release|Any CPU
		{C3B6BF42-B82E-47EF-9CF3-6DF85B69BC90}.Release|Any CPU.Build.0 = Release|Any CPU
	EndGlobalSection
	GlobalSection(SolutionProperties) = preSolution
		HideSolutionNode = FALSE
	EndGlobalSection
	GlobalSection(ExtensibilityGlobals) = postSolution
		SolutionGuid = {60D81599-CAEF-4F4B-A9D2-D934C3FA7C41}
	EndGlobalSection
EndGlobal
