
Microsoft Visual Studio Solution File, Format Version 12.00
# Visual Studio Version 16
VisualStudioVersion = 16.0.35325.158
MinimumVisualStudioVersion = 10.0.40219.1
Project("{FAE04EC0-301F-11D3-BF4B-00C04F79EFBC}") = "Assignment-2", "Assignment-2.csproj", "{FF48D1D1-05C7-44B9-A7FF-EC6E1880E4BB}"
EndProject
Global
	GlobalSection(SolutionConfigurationPlatforms) = preSolution
		Debug|Any CPU = Debug|Any CPU
		Release|Any CPU = Release|Any CPU
	EndGlobalSection
	GlobalSection(ProjectConfigurationPlatforms) = postSolution
		{FF48D1D1-05C7-44B9-A7FF-EC6E1880E4BB}.Debug|Any CPU.ActiveCfg = Debug|Any CPU
		{FF48D1D1-05C7-44B9-A7FF-EC6E1880E4BB}.Debug|Any CPU.Build.0 = Debug|Any CPU
		{FF48D1D1-05C7-44B9-A7FF-EC6E1880E4BB}.Release|Any CPU.ActiveCfg = Release|Any CPU
		{FF48D1D1-05C7-44B9-A7FF-EC6E1880E4BB}.Release|Any CPU.Build.0 = Release|Any CPU
	EndGlobalSection
	GlobalSection(SolutionProperties) = preSolution
		HideSolutionNode = FALSE
	EndGlobalSection
	GlobalSection(ExtensibilityGlobals) = postSolution
		SolutionGuid = {3A7C158B-38F1-4B1A-81CF-90968DCB154B}
	EndGlobalSection
EndGlobal
