
Microsoft Visual Studio Solution File, Format Version 12.00
# Visual Studio Version 16
VisualStudioVersion = 16.0.35325.158
MinimumVisualStudioVersion = 10.0.40219.1
Project("{FAE04EC0-301F-11D3-BF4B-00C04F79EFBC}") = "Assessment-6", "Assessment-6.csproj", "{064422DE-64F1-45B9-9CCE-FF9D381AB399}"
EndProject
Global
	GlobalSection(SolutionConfigurationPlatforms) = preSolution
		Debug|Any CPU = Debug|Any CPU
		Release|Any CPU = Release|Any CPU
	EndGlobalSection
	GlobalSection(ProjectConfigurationPlatforms) = postSolution
		{064422DE-64F1-45B9-9CCE-FF9D381AB399}.Debug|Any CPU.ActiveCfg = Debug|Any CPU
		{064422DE-64F1-45B9-9CCE-FF9D381AB399}.Debug|Any CPU.Build.0 = Debug|Any CPU
		{064422DE-64F1-45B9-9CCE-FF9D381AB399}.Release|Any CPU.ActiveCfg = Release|Any CPU
		{064422DE-64F1-45B9-9CCE-FF9D381AB399}.Release|Any CPU.Build.0 = Release|Any CPU
	EndGlobalSection
	GlobalSection(SolutionProperties) = preSolution
		HideSolutionNode = FALSE
	EndGlobalSection
	GlobalSection(ExtensibilityGlobals) = postSolution
		SolutionGuid = {8B23D80E-ABC2-49A0-A9C5-90C9392BE76C}
	EndGlobalSection
EndGlobal
