
Microsoft Visual Studio Solution File, Format Version 12.00
# Visual Studio Version 16
VisualStudioVersion = 16.0.35325.158
MinimumVisualStudioVersion = 10.0.40219.1
Project("{FAE04EC0-301F-11D3-BF4B-00C04F79EFBC}") = "Assessment-1", "Assessment-1.csproj", "{3E56E1E4-821C-4B8D-B639-527BB810D370}"
EndProject
Global
	GlobalSection(SolutionConfigurationPlatforms) = preSolution
		Debug|Any CPU = Debug|Any CPU
		Release|Any CPU = Release|Any CPU
	EndGlobalSection
	GlobalSection(ProjectConfigurationPlatforms) = postSolution
		{3E56E1E4-821C-4B8D-B639-527BB810D370}.Debug|Any CPU.ActiveCfg = Debug|Any CPU
		{3E56E1E4-821C-4B8D-B639-527BB810D370}.Debug|Any CPU.Build.0 = Debug|Any CPU
		{3E56E1E4-821C-4B8D-B639-527BB810D370}.Release|Any CPU.ActiveCfg = Release|Any CPU
		{3E56E1E4-821C-4B8D-B639-527BB810D370}.Release|Any CPU.Build.0 = Release|Any CPU
	EndGlobalSection
	GlobalSection(SolutionProperties) = preSolution
		HideSolutionNode = FALSE
	EndGlobalSection
	GlobalSection(ExtensibilityGlobals) = postSolution
		SolutionGuid = {02B6B6E8-D2B7-43A6-A911-1ED93E5A8B17}
	EndGlobalSection
EndGlobal
